
Microsoft Visual Studio Solution File, Format Version 12.00
# Visual Studio Version 17
VisualStudioVersion = 17.2.32505.173
MinimumVisualStudioVersion = 10.0.40219.1
Project("{9A19103F-16F7-4668-BE54-9A1E7A4F7556}") = "Magic.Switch.Board", "Magic.Switch.Board\Magic.Switch.Board.csproj", "{C866DFB8-A708-4D5C-80A8-6D864385DB82}"
EndProject
Project("{FAE04EC0-301F-11D3-BF4B-00C04F79EFBC}") = "Magic.Switch.Board.Core", "Magic.Switch.Board.Core\Magic.Switch.Board.Core.csproj", "{021E056B-E7D7-4A0B-877A-902C8A5CD1A2}"
EndProject
Global
	GlobalSection(SolutionConfigurationPlatforms) = preSolution
		Debug|Any CPU = Debug|Any CPU
		Debug|arm64 = Debug|arm64
		Debug|x64 = Debug|x64
		Debug|x86 = Debug|x86
		Release|Any CPU = Release|Any CPU
		Release|arm64 = Release|arm64
		Release|x64 = Release|x64
		Release|x86 = Release|x86
	EndGlobalSection
	GlobalSection(ProjectConfigurationPlatforms) = postSolution
		{C866DFB8-A708-4D5C-80A8-6D864385DB82}.Debug|Any CPU.ActiveCfg = Debug|Any CPU
		{C866DFB8-A708-4D5C-80A8-6D864385DB82}.Debug|Any CPU.Build.0 = Debug|Any CPU
		{C866DFB8-A708-4D5C-80A8-6D864385DB82}.Debug|Any CPU.Deploy.0 = Debug|Any CPU
		{C866DFB8-A708-4D5C-80A8-6D864385DB82}.Debug|x86.ActiveCfg = Debug|x86
		{C866DFB8-A708-4D5C-80A8-6D864385DB82}.Debug|x86.Build.0 = Debug|x86
		{C866DFB8-A708-4D5C-80A8-6D864385DB82}.Debug|x86.Deploy.0 = Debug|x86
		{C866DFB8-A708-4D5C-80A8-6D864385DB82}.Debug|x64.ActiveCfg = Debug|x64
		{C866DFB8-A708-4D5C-80A8-6D864385DB82}.Debug|x64.Build.0 = Debug|x64
		{C866DFB8-A708-4D5C-80A8-6D864385DB82}.Debug|x64.Deploy.0 = Debug|x64
		{C866DFB8-A708-4D5C-80A8-6D864385DB82}.Debug|arm64.ActiveCfg = Debug|arm64
		{C866DFB8-A708-4D5C-80A8-6D864385DB82}.Debug|arm64.Build.0 = Debug|arm64
		{C866DFB8-A708-4D5C-80A8-6D864385DB82}.Debug|arm64.Deploy.0 = Debug|arm64
		{C866DFB8-A708-4D5C-80A8-6D864385DB82}.Release|Any CPU.ActiveCfg = Release|Any CPU
		{C866DFB8-A708-4D5C-80A8-6D864385DB82}.Release|Any CPU.Build.0 = Release|Any CPU
		{C866DFB8-A708-4D5C-80A8-6D864385DB82}.Release|Any CPU.Deploy.0 = Debug|Any CPU
		{C866DFB8-A708-4D5C-80A8-6D864385DB82}.Release|x86.ActiveCfg = Release|x86
		{C866DFB8-A708-4D5C-80A8-6D864385DB82}.Release|x86.Build.0 = Release|x86
		{C866DFB8-A708-4D5C-80A8-6D864385DB82}.Release|x86.Deploy.0 = Debug|x86
		{C866DFB8-A708-4D5C-80A8-6D864385DB82}.Release|x64.ActiveCfg = Release|x64
		{C866DFB8-A708-4D5C-80A8-6D864385DB82}.Release|x64.Build.0 = Release|x64
		{C866DFB8-A708-4D5C-80A8-6D864385DB82}.Release|x64.Deploy.0 = Debug|x64		
		{C866DFB8-A708-4D5C-80A8-6D864385DB82}.Release|arm64.ActiveCfg = Release|arm64
		{C866DFB8-A708-4D5C-80A8-6D864385DB82}.Release|arm64.Build.0 = Release|arm64
		{C866DFB8-A708-4D5C-80A8-6D864385DB82}.Release|arm64.Deploy.0 = Debug|arm64		
		{021E056B-E7D7-4A0B-877A-902C8A5CD1A2}.Debug|Any CPU.ActiveCfg = Debug|Any CPU
		{021E056B-E7D7-4A0B-877A-902C8A5CD1A2}.Debug|Any CPU.Build.0 = Debug|Any CPU
		{021E056B-E7D7-4A0B-877A-902C8A5CD1A2}.Debug|Any CPU.Deploy.0 = Debug|Any CPU
		{021E056B-E7D7-4A0B-877A-902C8A5CD1A2}.Debug|x86.ActiveCfg = Debug|x86
		{021E056B-E7D7-4A0B-877A-902C8A5CD1A2}.Debug|x86.Build.0 = Debug|x86
		{021E056B-E7D7-4A0B-877A-902C8A5CD1A2}.Debug|x86.Deploy.0 = Debug|x86		
		{021E056B-E7D7-4A0B-877A-902C8A5CD1A2}.Debug|x64.ActiveCfg = Debug|x64
		{021E056B-E7D7-4A0B-877A-902C8A5CD1A2}.Debug|x64.Build.0 = Debug|x64
		{021E056B-E7D7-4A0B-877A-902C8A5CD1A2}.Debug|x64.Deploy.0 = Debug|x64
		{021E056B-E7D7-4A0B-877A-902C8A5CD1A2}.Debug|arm64.ActiveCfg = Debug|arm64
		{021E056B-E7D7-4A0B-877A-902C8A5CD1A2}.Debug|arm64.Build.0 = Debug|arm64
		{021E056B-E7D7-4A0B-877A-902C8A5CD1A2}.Debug|arm64.Deploy.0 = Debug|arm64
		{021E056B-E7D7-4A0B-877A-902C8A5CD1A2}.Release|Any CPU.ActiveCfg = Release|Any CPU
		{021E056B-E7D7-4A0B-877A-902C8A5CD1A2}.Release|Any CPU.Build.0 = Release|Any CPU
		{021E056B-E7D7-4A0B-877A-902C8A5CD1A2}.Release|Any CPU.Deploy.0 = Release|Any CPU
		{021E056B-E7D7-4A0B-877A-902C8A5CD1A2}.Release|x86.ActiveCfg = Release|x86
		{021E056B-E7D7-4A0B-877A-902C8A5CD1A2}.Release|x86.Build.0 = Release|x86
		{021E056B-E7D7-4A0B-877A-902C8A5CD1A2}.Release|x86.Deploy.0 = Release|x86
		{021E056B-E7D7-4A0B-877A-902C8A5CD1A2}.Release|x64.ActiveCfg = Release|x64
		{021E056B-E7D7-4A0B-877A-902C8A5CD1A2}.Release|x64.Build.0 = Release|x64
		{021E056B-E7D7-4A0B-877A-902C8A5CD1A2}.Release|x64.Deploy.0 = Release|x64
		{021E056B-E7D7-4A0B-877A-902C8A5CD1A2}.Release|arm64.ActiveCfg = Release|arm64
		{021E056B-E7D7-4A0B-877A-902C8A5CD1A2}.Release|arm64.Build.0 = Release|arm64
		{021E056B-E7D7-4A0B-877A-902C8A5CD1A2}.Release|arm64.Deploy.0 = Release|arm64
	EndGlobalSection
	GlobalSection(SolutionProperties) = preSolution
		HideSolutionNode = FALSE
	EndGlobalSection
	GlobalSection(ExtensibilityGlobals) = postSolution
		SolutionGuid = {DFD9DBFE-EFB5-4199-83D0-BBEF6E359B83}
	EndGlobalSection
EndGlobal
