
Microsoft Visual Studio Solution File, Format Version 12.00
# Visual Studio Version 17
VisualStudioVersion = 17.2.32505.173
MinimumVisualStudioVersion = 10.0.40219.1
Project("{9A19103F-16F7-4668-BE54-9A1E7A4F7556}") = "Magic.Switch.Board.Entities", "Magic.Switch.Board.Entities\Magic.Switch.Board.Entities.csproj", "{3348F9BF-6F40-42BC-A3D6-29BA5A80F8F6}"
EndProject
Project("{9A19103F-16F7-4668-BE54-9A1E7A4F7556}") = "Magic.Switch.Board.Services", "Magic.Switch.Board.Services\Magic.Switch.Board.Services.csproj", "{897C0EFB-5548-436C-BF6D-40182C2C9A40}"
EndProject
Project("{9A19103F-16F7-4668-BE54-9A1E7A4F7556}") = "Magic.Switch.Board.Repositories", "Magic.Switch.Board.Repositories\Magic.Switch.Board.Repositories.csproj", "{771DCE77-806A-4BA6-97D4-FCDE25E634A4}"
EndProject
Project("{9A19103F-16F7-4668-BE54-9A1E7A4F7556}") = "Magic.Switch.Board", "Magic.Switch.Board\Magic.Switch.Board.csproj", "{C866DFB8-A708-4D5C-80A8-6D864385DB82}"
EndProject
Global
	GlobalSection(SolutionConfigurationPlatforms) = preSolution
		Debug|Any CPU = Debug|Any CPU
		Release|Any CPU = Release|Any CPU
	EndGlobalSection
	GlobalSection(ProjectConfigurationPlatforms) = postSolution
		{3348F9BF-6F40-42BC-A3D6-29BA5A80F8F6}.Debug|Any CPU.ActiveCfg = Debug|Any CPU
		{3348F9BF-6F40-42BC-A3D6-29BA5A80F8F6}.Debug|Any CPU.Build.0 = Debug|Any CPU
		{3348F9BF-6F40-42BC-A3D6-29BA5A80F8F6}.Release|Any CPU.ActiveCfg = Release|Any CPU
		{3348F9BF-6F40-42BC-A3D6-29BA5A80F8F6}.Release|Any CPU.Build.0 = Release|Any CPU
		{897C0EFB-5548-436C-BF6D-40182C2C9A40}.Debug|Any CPU.ActiveCfg = Debug|Any CPU
		{897C0EFB-5548-436C-BF6D-40182C2C9A40}.Debug|Any CPU.Build.0 = Debug|Any CPU
		{897C0EFB-5548-436C-BF6D-40182C2C9A40}.Release|Any CPU.ActiveCfg = Release|Any CPU
		{897C0EFB-5548-436C-BF6D-40182C2C9A40}.Release|Any CPU.Build.0 = Release|Any CPU
		{771DCE77-806A-4BA6-97D4-FCDE25E634A4}.Debug|Any CPU.ActiveCfg = Debug|Any CPU
		{771DCE77-806A-4BA6-97D4-FCDE25E634A4}.Debug|Any CPU.Build.0 = Debug|Any CPU
		{771DCE77-806A-4BA6-97D4-FCDE25E634A4}.Release|Any CPU.ActiveCfg = Release|Any CPU
		{771DCE77-806A-4BA6-97D4-FCDE25E634A4}.Release|Any CPU.Build.0 = Release|Any CPU
		{C866DFB8-A708-4D5C-80A8-6D864385DB82}.Debug|Any CPU.ActiveCfg = Debug|Any CPU
		{C866DFB8-A708-4D5C-80A8-6D864385DB82}.Debug|Any CPU.Build.0 = Debug|Any CPU
		{C866DFB8-A708-4D5C-80A8-6D864385DB82}.Release|Any CPU.ActiveCfg = Release|Any CPU
		{C866DFB8-A708-4D5C-80A8-6D864385DB82}.Release|Any CPU.Build.0 = Release|Any CPU
	EndGlobalSection
	GlobalSection(SolutionProperties) = preSolution
		HideSolutionNode = FALSE
	EndGlobalSection
	GlobalSection(ExtensibilityGlobals) = postSolution
		SolutionGuid = {DFD9DBFE-EFB5-4199-83D0-BBEF6E359B83}
	EndGlobalSection
EndGlobal
