
Microsoft Visual Studio Solution File, Format Version 12.00
# Visual Studio Version 17
VisualStudioVersion = 17.2.32505.173
MinimumVisualStudioVersion = 10.0.40219.1
Project("{9A19103F-16F7-4668-BE54-9A1E7A4F7556}") = "Magic.Switch.Board.Core", "Magic.Switch.Board.Core\Magic.Switch.Board.Core.csproj", "{021E056B-E7D7-4A0B-877A-902C8A5CD1A2}"
EndProject
Project("{9A19103F-16F7-4668-BE54-9A1E7A4F7556}") = "Magic.Switch.Board.UI.Logic", "Magic.Switch.Board.UI.Logic\Magic.Switch.Board.UI.Logic.csproj", "{93F48055-DF04-450C-A3B0-38A56C416D13}"
EndProject
Project("{9A19103F-16F7-4668-BE54-9A1E7A4F7556}") = "Magic.Switch.Board.UI", "Magic.Switch.Board.UI\Magic.Switch.Board.UI.csproj", "{E992E0B1-AA95-47A5-86B9-31BAE322E684}"
EndProject
Project("{9A19103F-16F7-4668-BE54-9A1E7A4F7556}") = "Magic.Switch.Board.Core.Tests", "Magic.Switch.Board.Core.Tests\Magic.Switch.Board.Core.Tests.csproj", "{B67D9F04-DA83-46A0-AB76-3563252D984A}"
EndProject
Project("{2150E333-8FDC-42A3-9474-1A3956D46DE8}") = "Solution Items", "Solution Items", "{B0E7F20D-C4DD-46B6-96C2-10356D19A711}"
	ProjectSection(SolutionItems) = preProject
		.editorconfig = .editorconfig
		.gitignore = .gitignore
		Directory.Build.props = Directory.Build.props
		LICENSE = LICENSE
		README.md = README.md
	EndProjectSection
EndProject
Global
	GlobalSection(SolutionConfigurationPlatforms) = preSolution
		Debug|Any CPU = Debug|Any CPU
		Debug|x64 = Debug|x64
		Debug|x86 = Debug|x86
		Release|Any CPU = Release|Any CPU
		Release|x64 = Release|x64
		Release|x86 = Release|x86
	EndGlobalSection
	GlobalSection(ProjectConfigurationPlatforms) = postSolution
		{021E056B-E7D7-4A0B-877A-902C8A5CD1A2}.Debug|Any CPU.ActiveCfg = Debug|Any CPU
		{021E056B-E7D7-4A0B-877A-902C8A5CD1A2}.Debug|Any CPU.Build.0 = Debug|Any CPU
		{021E056B-E7D7-4A0B-877A-902C8A5CD1A2}.Debug|Any CPU.Deploy.0 = Debug|Any CPU
		{021E056B-E7D7-4A0B-877A-902C8A5CD1A2}.Debug|x64.ActiveCfg = Debug|x64
		{021E056B-E7D7-4A0B-877A-902C8A5CD1A2}.Debug|x64.Build.0 = Debug|x64
		{021E056B-E7D7-4A0B-877A-902C8A5CD1A2}.Debug|x64.Deploy.0 = Debug|x64
		{021E056B-E7D7-4A0B-877A-902C8A5CD1A2}.Debug|x86.ActiveCfg = Debug|x86
		{021E056B-E7D7-4A0B-877A-902C8A5CD1A2}.Debug|x86.Build.0 = Debug|x86
		{021E056B-E7D7-4A0B-877A-902C8A5CD1A2}.Debug|x86.Deploy.0 = Debug|x86
		{021E056B-E7D7-4A0B-877A-902C8A5CD1A2}.Release|Any CPU.ActiveCfg = Release|Any CPU
		{021E056B-E7D7-4A0B-877A-902C8A5CD1A2}.Release|Any CPU.Build.0 = Release|Any CPU
		{021E056B-E7D7-4A0B-877A-902C8A5CD1A2}.Release|Any CPU.Deploy.0 = Release|Any CPU
		{021E056B-E7D7-4A0B-877A-902C8A5CD1A2}.Release|x64.ActiveCfg = Release|x64
		{021E056B-E7D7-4A0B-877A-902C8A5CD1A2}.Release|x64.Build.0 = Release|x64
		{021E056B-E7D7-4A0B-877A-902C8A5CD1A2}.Release|x64.Deploy.0 = Release|x64
		{021E056B-E7D7-4A0B-877A-902C8A5CD1A2}.Release|x86.ActiveCfg = Release|x86
		{021E056B-E7D7-4A0B-877A-902C8A5CD1A2}.Release|x86.Build.0 = Release|x86
		{021E056B-E7D7-4A0B-877A-902C8A5CD1A2}.Release|x86.Deploy.0 = Release|x86
		{93F48055-DF04-450C-A3B0-38A56C416D13}.Debug|Any CPU.ActiveCfg = Debug|Any CPU
		{93F48055-DF04-450C-A3B0-38A56C416D13}.Debug|Any CPU.Build.0 = Debug|Any CPU
		{93F48055-DF04-450C-A3B0-38A56C416D13}.Debug|x64.ActiveCfg = Debug|x64
		{93F48055-DF04-450C-A3B0-38A56C416D13}.Debug|x64.Build.0 = Debug|x64
		{93F48055-DF04-450C-A3B0-38A56C416D13}.Debug|x86.ActiveCfg = Debug|x86
		{93F48055-DF04-450C-A3B0-38A56C416D13}.Debug|x86.Build.0 = Debug|x86
		{93F48055-DF04-450C-A3B0-38A56C416D13}.Release|Any CPU.ActiveCfg = Release|Any CPU
		{93F48055-DF04-450C-A3B0-38A56C416D13}.Release|Any CPU.Build.0 = Release|Any CPU
		{93F48055-DF04-450C-A3B0-38A56C416D13}.Release|x64.ActiveCfg = Release|x64
		{93F48055-DF04-450C-A3B0-38A56C416D13}.Release|x64.Build.0 = Release|x64
		{93F48055-DF04-450C-A3B0-38A56C416D13}.Release|x86.ActiveCfg = Release|x86
		{93F48055-DF04-450C-A3B0-38A56C416D13}.Release|x86.Build.0 = Release|x86
		{E992E0B1-AA95-47A5-86B9-31BAE322E684}.Debug|Any CPU.ActiveCfg = Debug|Any CPU
		{E992E0B1-AA95-47A5-86B9-31BAE322E684}.Debug|Any CPU.Build.0 = Debug|Any CPU
		{E992E0B1-AA95-47A5-86B9-31BAE322E684}.Debug|x64.ActiveCfg = Debug|x64
		{E992E0B1-AA95-47A5-86B9-31BAE322E684}.Debug|x64.Build.0 = Debug|x64
		{E992E0B1-AA95-47A5-86B9-31BAE322E684}.Debug|x86.ActiveCfg = Debug|x86
		{E992E0B1-AA95-47A5-86B9-31BAE322E684}.Debug|x86.Build.0 = Debug|x86
		{E992E0B1-AA95-47A5-86B9-31BAE322E684}.Release|Any CPU.ActiveCfg = Release|Any CPU
		{E992E0B1-AA95-47A5-86B9-31BAE322E684}.Release|Any CPU.Build.0 = Release|Any CPU
		{E992E0B1-AA95-47A5-86B9-31BAE322E684}.Release|x64.ActiveCfg = Release|x64
		{E992E0B1-AA95-47A5-86B9-31BAE322E684}.Release|x64.Build.0 = Release|x64
		{E992E0B1-AA95-47A5-86B9-31BAE322E684}.Release|x86.ActiveCfg = Release|x86
		{E992E0B1-AA95-47A5-86B9-31BAE322E684}.Release|x86.Build.0 = Release|x86
		{B67D9F04-DA83-46A0-AB76-3563252D984A}.Debug|Any CPU.ActiveCfg = Debug|Any CPU
		{B67D9F04-DA83-46A0-AB76-3563252D984A}.Debug|Any CPU.Build.0 = Debug|Any CPU
		{B67D9F04-DA83-46A0-AB76-3563252D984A}.Debug|x64.ActiveCfg = Debug|x64
		{B67D9F04-DA83-46A0-AB76-3563252D984A}.Debug|x64.Build.0 = Debug|x64
		{B67D9F04-DA83-46A0-AB76-3563252D984A}.Debug|x86.ActiveCfg = Debug|x86
		{B67D9F04-DA83-46A0-AB76-3563252D984A}.Debug|x86.Build.0 = Debug|x86
		{B67D9F04-DA83-46A0-AB76-3563252D984A}.Release|Any CPU.ActiveCfg = Release|Any CPU
		{B67D9F04-DA83-46A0-AB76-3563252D984A}.Release|Any CPU.Build.0 = Release|Any CPU
		{B67D9F04-DA83-46A0-AB76-3563252D984A}.Release|x64.ActiveCfg = Release|x64
		{B67D9F04-DA83-46A0-AB76-3563252D984A}.Release|x64.Build.0 = Release|x64
		{B67D9F04-DA83-46A0-AB76-3563252D984A}.Release|x86.ActiveCfg = Release|x86
		{B67D9F04-DA83-46A0-AB76-3563252D984A}.Release|x86.Build.0 = Release|x86
	EndGlobalSection
	GlobalSection(SolutionProperties) = preSolution
		HideSolutionNode = FALSE
	EndGlobalSection
	GlobalSection(ExtensibilityGlobals) = postSolution
		RESX_AutoCreateNewLanguageFiles = True
		RESX_SortFileContentOnSave = True
		SolutionGuid = {DFD9DBFE-EFB5-4199-83D0-BBEF6E359B83}
	EndGlobalSection
EndGlobal
